
Microsoft Visual Studio Solution File, Format Version 12.00
# Visual Studio 15
VisualStudioVersion = 15.0.27004.2009
MinimumVisualStudioVersion = 10.0.40219.1
Project("{FAE04EC0-301F-11D3-BF4B-00C04F79EFBC}") = "ShutdownWatchdog", "ShutdownWatchdog\ShutdownWatchdog.csproj", "{FBBE0D07-C9D8-446E-B139-C87B5694EF7D}"
EndProject
Project("{FAE04EC0-301F-11D3-BF4B-00C04F79EFBC}") = "ShutdownWatchdogLeash", "ShutdownWatchdogLeash\ShutdownWatchdogLeash.csproj", "{4F617147-1CC2-49D3-9EDE-C3B76532CD52}"
EndProject
Project("{FAE04EC0-301F-11D3-BF4B-00C04F79EFBC}") = "ShutdownWatchdogTest", "ShutdownWatchdogTest\ShutdownWatchdogTest.csproj", "{FF2EE9D9-33A2-4F17-8704-B9607E92B102}"
EndProject
Global
	GlobalSection(SolutionConfigurationPlatforms) = preSolution
		Debug|Any CPU = Debug|Any CPU
		Release|Any CPU = Release|Any CPU
	EndGlobalSection
	GlobalSection(ProjectConfigurationPlatforms) = postSolution
		{FBBE0D07-C9D8-446E-B139-C87B5694EF7D}.Debug|Any CPU.ActiveCfg = Debug|Any CPU
		{FBBE0D07-C9D8-446E-B139-C87B5694EF7D}.Debug|Any CPU.Build.0 = Debug|Any CPU
		{FBBE0D07-C9D8-446E-B139-C87B5694EF7D}.Release|Any CPU.ActiveCfg = Release|Any CPU
		{FBBE0D07-C9D8-446E-B139-C87B5694EF7D}.Release|Any CPU.Build.0 = Release|Any CPU
		{4F617147-1CC2-49D3-9EDE-C3B76532CD52}.Debug|Any CPU.ActiveCfg = Debug|Any CPU
		{4F617147-1CC2-49D3-9EDE-C3B76532CD52}.Debug|Any CPU.Build.0 = Debug|Any CPU
		{4F617147-1CC2-49D3-9EDE-C3B76532CD52}.Release|Any CPU.ActiveCfg = Release|Any CPU
		{4F617147-1CC2-49D3-9EDE-C3B76532CD52}.Release|Any CPU.Build.0 = Release|Any CPU
		{FF2EE9D9-33A2-4F17-8704-B9607E92B102}.Debug|Any CPU.ActiveCfg = Debug|Any CPU
		{FF2EE9D9-33A2-4F17-8704-B9607E92B102}.Debug|Any CPU.Build.0 = Debug|Any CPU
		{FF2EE9D9-33A2-4F17-8704-B9607E92B102}.Release|Any CPU.ActiveCfg = Release|Any CPU
		{FF2EE9D9-33A2-4F17-8704-B9607E92B102}.Release|Any CPU.Build.0 = Release|Any CPU
	EndGlobalSection
	GlobalSection(SolutionProperties) = preSolution
		HideSolutionNode = FALSE
	EndGlobalSection
	GlobalSection(ExtensibilityGlobals) = postSolution
		SolutionGuid = {B1C84798-0973-45C7-A410-1D3AE463A8BD}
	EndGlobalSection
EndGlobal
